// !$*UTF8*$!
{
	archiveVersion = 1;
	classes = {
	};
	objectVersion = 56;
	objects = {

/* Begin PBXBuildFile section */
		F969B4B22B57BF4E000E413B /* AppDelegate.swift in Sources */ = {isa = PBXBuildFile; fileRef = F969B4B12B57BF4E000E413B /* AppDelegate.swift */; };
		F969B4B42B57BF4E000E413B /* SceneDelegate.swift in Sources */ = {isa = PBXBuildFile; fileRef = F969B4B32B57BF4E000E413B /* SceneDelegate.swift */; };
		F969B4B62B57BF4E000E413B /* ViewController.swift in Sources */ = {isa = PBXBuildFile; fileRef = F969B4B52B57BF4E000E413B /* ViewController.swift */; };
		F969B4B92B57BF4E000E413B /* Main.storyboard in Resources */ = {isa = PBXBuildFile; fileRef = F969B4B72B57BF4E000E413B /* Main.storyboard */; };
		F969B4BB2B57BF51000E413B /* Assets.xcassets in Resources */ = {isa = PBXBuildFile; fileRef = F969B4BA2B57BF51000E413B /* Assets.xcassets */; };
		F969B4BE2B57BF51000E413B /* LaunchScreen.storyboard in Resources */ = {isa = PBXBuildFile; fileRef = F969B4BC2B57BF51000E413B /* LaunchScreen.storyboard */; };
		F969B4C92B57C753000E413B /* Cherry.wav in Resources */ = {isa = PBXBuildFile; fileRef = F969B4C62B57C752000E413B /* Cherry.wav */; };
		F969B4CA2B57C753000E413B /* Zane.flac in Resources */ = {isa = PBXBuildFile; fileRef = F969B4C72B57C753000E413B /* Zane.flac */; };
		F969B4CD2B57C79E000E413B /* Animal.swift in Sources */ = {isa = PBXBuildFile; fileRef = F969B4CC2B57C79E000E413B /* Animal.swift */; };
		F969B4CF2B57D91E000E413B /* Brava.wav in Resources */ = {isa = PBXBuildFile; fileRef = F969B4CE2B57D91E000E413B /* Brava.wav */; };
/* End PBXBuildFile section */

/* Begin PBXFileReference section */
		F969B4AE2B57BF4E000E413B /* It's a Zoo in There.app */ = {isa = PBXFileReference; explicitFileType = wrapper.application; includeInIndex = 0; path = "It's a Zoo in There.app"; sourceTree = BUILT_PRODUCTS_DIR; };
		F969B4B12B57BF4E000E413B /* AppDelegate.swift */ = {isa = PBXFileReference; lastKnownFileType = sourcecode.swift; path = AppDelegate.swift; sourceTree = "<group>"; };
		F969B4B32B57BF4E000E413B /* SceneDelegate.swift */ = {isa = PBXFileReference; lastKnownFileType = sourcecode.swift; path = SceneDelegate.swift; sourceTree = "<group>"; };
		F969B4B52B57BF4E000E413B /* ViewController.swift */ = {isa = PBXFileReference; lastKnownFileType = sourcecode.swift; path = ViewController.swift; sourceTree = "<group>"; };
		F969B4B82B57BF4E000E413B /* Base */ = {isa = PBXFileReference; lastKnownFileType = file.storyboard; name = Base; path = Base.lproj/Main.storyboard; sourceTree = "<group>"; };
		F969B4BA2B57BF51000E413B /* Assets.xcassets */ = {isa = PBXFileReference; lastKnownFileType = folder.assetcatalog; path = Assets.xcassets; sourceTree = "<group>"; };
		F969B4BD2B57BF51000E413B /* Base */ = {isa = PBXFileReference; lastKnownFileType = file.storyboard; name = Base; path = Base.lproj/LaunchScreen.storyboard; sourceTree = "<group>"; };
		F969B4BF2B57BF51000E413B /* Info.plist */ = {isa = PBXFileReference; lastKnownFileType = text.plist.xml; path = Info.plist; sourceTree = "<group>"; };
		F969B4C62B57C752000E413B /* Cherry.wav */ = {isa = PBXFileReference; lastKnownFileType = audio.wav; path = Cherry.wav; sourceTree = "<group>"; };
		F969B4C72B57C753000E413B /* Zane.flac */ = {isa = PBXFileReference; lastKnownFileType = file; path = Zane.flac; sourceTree = "<group>"; };
		F969B4CC2B57C79E000E413B /* Animal.swift */ = {isa = PBXFileReference; lastKnownFileType = sourcecode.swift; path = Animal.swift; sourceTree = "<group>"; };
		F969B4CE2B57D91E000E413B /* Brava.wav */ = {isa = PBXFileReference; lastKnownFileType = audio.wav; path = Brava.wav; sourceTree = "<group>"; };
/* End PBXFileReference section */

/* Begin PBXFrameworksBuildPhase section */
		F969B4AB2B57BF4E000E413B /* Frameworks */ = {
			isa = PBXFrameworksBuildPhase;
			buildActionMask = 2147483647;
			files = (
			);
			runOnlyForDeploymentPostprocessing = 0;
		};
/* End PBXFrameworksBuildPhase section */

/* Begin PBXGroup section */
		F969B4A52B57BF4E000E413B = {
			isa = PBXGroup;
			children = (
				F969B4B02B57BF4E000E413B /* It's a Zoo in There */,
				F969B4AF2B57BF4E000E413B /* Products */,
			);
			sourceTree = "<group>";
		};
		F969B4AF2B57BF4E000E413B /* Products */ = {
			isa = PBXGroup;
			children = (
				F969B4AE2B57BF4E000E413B /* It's a Zoo in There.app */,
			);
			name = Products;
			sourceTree = "<group>";
		};
		F969B4B02B57BF4E000E413B /* It's a Zoo in There */ = {
			isa = PBXGroup;
			children = (
				F969B4B12B57BF4E000E413B /* AppDelegate.swift */,
				F969B4B32B57BF4E000E413B /* SceneDelegate.swift */,
				F969B4B52B57BF4E000E413B /* ViewController.swift */,
				F969B4CC2B57C79E000E413B /* Animal.swift */,
				F969B4B72B57BF4E000E413B /* Main.storyboard */,
				F969B4BA2B57BF51000E413B /* Assets.xcassets */,
				F969B4BC2B57BF51000E413B /* LaunchScreen.storyboard */,
				F969B4BF2B57BF51000E413B /* Info.plist */,
				F969B4CB2B57C75E000E413B /* Sounds */,
			);
			path = "It's a Zoo in There";
			sourceTree = "<group>";
		};
		F969B4CB2B57C75E000E413B /* Sounds */ = {
			isa = PBXGroup;
			children = (
				F969B4C62B57C752000E413B /* Cherry.wav */,
				F969B4C72B57C753000E413B /* Zane.flac */,
				F969B4CE2B57D91E000E413B /* Brava.wav */,
			);
			path = Sounds;
			sourceTree = "<group>";
		};
/* End PBXGroup section */

/* Begin PBXNativeTarget section */
		F969B4AD2B57BF4E000E413B /* It's a Zoo in There */ = {
			isa = PBXNativeTarget;
			buildConfigurationList = F969B4C22B57BF51000E413B /* Build configuration list for PBXNativeTarget "It's a Zoo in There" */;
			buildPhases = (
				F969B4AA2B57BF4E000E413B /* Sources */,
				F969B4AB2B57BF4E000E413B /* Frameworks */,
				F969B4AC2B57BF4E000E413B /* Resources */,
			);
			buildRules = (
			);
			dependencies = (
			);
			name = "It's a Zoo in There";
			productName = "It's a Zoo in There";
			productReference = F969B4AE2B57BF4E000E413B /* It's a Zoo in There.app */;
			productType = "com.apple.product-type.application";
		};
/* End PBXNativeTarget section */

/* Begin PBXProject section */
		F969B4A62B57BF4E000E413B /* Project object */ = {
			isa = PBXProject;
			attributes = {
				BuildIndependentTargetsInParallel = 1;
				LastSwiftUpdateCheck = 1510;
				LastUpgradeCheck = 1510;
				TargetAttributes = {
					F969B4AD2B57BF4E000E413B = {
						CreatedOnToolsVersion = 15.1;
					};
				};
			};
			buildConfigurationList = F969B4A92B57BF4E000E413B /* Build configuration list for PBXProject "It's a Zoo in There" */;
			compatibilityVersion = "Xcode 14.0";
			developmentRegion = en;
			hasScannedForEncodings = 0;
			knownRegions = (
				en,
				Base,
			);
			mainGroup = F969B4A52B57BF4E000E413B;
			productRefGroup = F969B4AF2B57BF4E000E413B /* Products */;
			projectDirPath = "";
			projectRoot = "";
			targets = (
				F969B4AD2B57BF4E000E413B /* It's a Zoo in There */,
			);
		};
/* End PBXProject section */

/* Begin PBXResourcesBuildPhase section */
		F969B4AC2B57BF4E000E413B /* Resources */ = {
			isa = PBXResourcesBuildPhase;
			buildActionMask = 2147483647;
			files = (
				F969B4C92B57C753000E413B /* Cherry.wav in Resources */,
				F969B4BE2B57BF51000E413B /* LaunchScreen.storyboard in Resources */,
				F969B4BB2B57BF51000E413B /* Assets.xcassets in Resources */,
				F969B4CA2B57C753000E413B /* Zane.flac in Resources */,
				F969B4B92B57BF4E000E413B /* Main.storyboard in Resources */,
				F969B4CF2B57D91E000E413B /* Brava.wav in Resources */,
			);
			runOnlyForDeploymentPostprocessing = 0;
		};
/* End PBXResourcesBuildPhase section */

/* Begin PBXSourcesBuildPhase section */
		F969B4AA2B57BF4E000E413B /* Sources */ = {
			isa = PBXSourcesBuildPhase;
			buildActionMask = 2147483647;
			files = (
				F969B4B62B57BF4E000E413B /* ViewController.swift in Sources */,
				F969B4CD2B57C79E000E413B /* Animal.swift in Sources */,
				F969B4B22B57BF4E000E413B /* AppDelegate.swift in Sources */,
				F969B4B42B57BF4E000E413B /* SceneDelegate.swift in Sources */,
			);
			runOnlyForDeploymentPostprocessing = 0;
		};
/* End PBXSourcesBuildPhase section */

/* Begin PBXVariantGroup section */
		F969B4B72B57BF4E000E413B /* Main.storyboard */ = {
			isa = PBXVariantGroup;
			children = (
				F969B4B82B57BF4E000E413B /* Base */,
			);
			name = Main.storyboard;
			sourceTree = "<group>";
		};
		F969B4BC2B57BF51000E413B /* LaunchScreen.storyboard */ = {
			isa = PBXVariantGroup;
			children = (
				F969B4BD2B57BF51000E413B /* Base */,
			);
			name = LaunchScreen.storyboard;
			sourceTree = "<group>";
		};
/* End PBXVariantGroup section */

/* Begin XCBuildConfiguration section */
		F969B4C02B57BF51000E413B /* Debug */ = {
			isa = XCBuildConfiguration;
			buildSettings = {
				ALWAYS_SEARCH_USER_PATHS = NO;
				ASSETCATALOG_COMPILER_GENERATE_SWIFT_ASSET_SYMBOL_EXTENSIONS = YES;
				CLANG_ANALYZER_NONNULL = YES;
				CLANG_ANALYZER_NUMBER_OBJECT_CONVERSION = YES_AGGRESSIVE;
				CLANG_CXX_LANGUAGE_STANDARD = "gnu++20";
				CLANG_ENABLE_MODULES = YES;
				CLANG_ENABLE_OBJC_ARC = YES;
				CLANG_ENABLE_OBJC_WEAK = YES;
				CLANG_WARN_BLOCK_CAPTURE_AUTORELEASING = YES;
				CLANG_WARN_BOOL_CONVERSION = YES;
				CLANG_WARN_COMMA = YES;
				CLANG_WARN_CONSTANT_CONVERSION = YES;
				CLANG_WARN_DEPRECATED_OBJC_IMPLEMENTATIONS = YES;
				CLANG_WARN_DIRECT_OBJC_ISA_USAGE = YES_ERROR;
				CLANG_WARN_DOCUMENTATION_COMMENTS = YES;
				CLANG_WARN_EMPTY_BODY = YES;
				CLANG_WARN_ENUM_CONVERSION = YES;
				CLANG_WARN_INFINITE_RECURSION = YES;
				CLANG_WARN_INT_CONVERSION = YES;
				CLANG_WARN_NON_LITERAL_NULL_CONVERSION = YES;
				CLANG_WARN_OBJC_IMPLICIT_RETAIN_SELF = YES;
				CLANG_WARN_OBJC_LITERAL_CONVERSION = YES;
				CLANG_WARN_OBJC_ROOT_CLASS = YES_ERROR;
				CLANG_WARN_QUOTED_INCLUDE_IN_FRAMEWORK_HEADER = YES;
				CLANG_WARN_RANGE_LOOP_ANALYSIS = YES;
				CLANG_WARN_STRICT_PROTOTYPES = YES;
				CLANG_WARN_SUSPICIOUS_MOVE = YES;
				CLANG_WARN_UNGUARDED_AVAILABILITY = YES_AGGRESSIVE;
				CLANG_WARN_UNREACHABLE_CODE = YES;
				CLANG_WARN__DUPLICATE_METHOD_MATCH = YES;
				COPY_PHASE_STRIP = NO;
				DEBUG_INFORMATION_FORMAT = dwarf;
				ENABLE_STRICT_OBJC_MSGSEND = YES;
				ENABLE_TESTABILITY = YES;
				ENABLE_USER_SCRIPT_SANDBOXING = YES;
				GCC_C_LANGUAGE_STANDARD = gnu17;
				GCC_DYNAMIC_NO_PIC = NO;
				GCC_NO_COMMON_BLOCKS = YES;
				GCC_OPTIMIZATION_LEVEL = 0;
				GCC_PREPROCESSOR_DEFINITIONS = (
					"DEBUG=1",
					"$(inherited)",
				);
				GCC_WARN_64_TO_32_BIT_CONVERSION = YES;
				GCC_WARN_ABOUT_RETURN_TYPE = YES_ERROR;
				GCC_WARN_UNDECLARED_SELECTOR = YES;
				GCC_WARN_UNINITIALIZED_AUTOS = YES_AGGRESSIVE;
				GCC_WARN_UNUSED_FUNCTION = YES;
				GCC_WARN_UNUSED_VARIABLE = YES;
				IPHONEOS_DEPLOYMENT_TARGET = 17.2;
				LOCALIZATION_PREFERS_STRING_CATALOGS = YES;
				MTL_ENABLE_DEBUG_INFO = INCLUDE_SOURCE;
				MTL_FAST_MATH = YES;
				ONLY_ACTIVE_ARCH = YES;
				SDKROOT = iphoneos;
				SWIFT_ACTIVE_COMPILATION_CONDITIONS = "DEBUG $(inherited)";
				SWIFT_OPTIMIZATION_LEVEL = "-Onone";
			};
			name = Debug;
		};
		F969B4C12B57BF51000E413B /* Release */ = {
			isa = XCBuildConfiguration;
			buildSettings = {
				ALWAYS_SEARCH_USER_PATHS = NO;
				ASSETCATALOG_COMPILER_GENERATE_SWIFT_ASSET_SYMBOL_EXTENSIONS = YES;
				CLANG_ANALYZER_NONNULL = YES;
				CLANG_ANALYZER_NUMBER_OBJECT_CONVERSION = YES_AGGRESSIVE;
				CLANG_CXX_LANGUAGE_STANDARD = "gnu++20";
				CLANG_ENABLE_MODULES = YES;
				CLANG_ENABLE_OBJC_ARC = YES;
				CLANG_ENABLE_OBJC_WEAK = YES;
				CLANG_WARN_BLOCK_CAPTURE_AUTORELEASING = YES;
				CLANG_WARN_BOOL_CONVERSION = YES;
				CLANG_WARN_COMMA = YES;
				CLANG_WARN_CONSTANT_CONVERSION = YES;
				CLANG_WARN_DEPRECATED_OBJC_IMPLEMENTATIONS = YES;
				CLANG_WARN_DIRECT_OBJC_ISA_USAGE = YES_ERROR;
				CLANG_WARN_DOCUMENTATION_COMMENTS = YES;
				CLANG_WARN_EMPTY_BODY = YES;
				CLANG_WARN_ENUM_CONVERSION = YES;
				CLANG_WARN_INFINITE_RECURSION = YES;
				CLANG_WARN_INT_CONVERSION = YES;
				CLANG_WARN_NON_LITERAL_NULL_CONVERSION = YES;
				CLANG_WARN_OBJC_IMPLICIT_RETAIN_SELF = YES;
				CLANG_WARN_OBJC_LITERAL_CONVERSION = YES;
				CLANG_WARN_OBJC_ROOT_CLASS = YES_ERROR;
				CLANG_WARN_QUOTED_INCLUDE_IN_FRAMEWORK_HEADER = YES;
				CLANG_WARN_RANGE_LOOP_ANALYSIS = YES;
				CLANG_WARN_STRICT_PROTOTYPES = YES;
				CLANG_WARN_SUSPICIOUS_MOVE = YES;
				CLANG_WARN_UNGUARDED_AVAILABILITY = YES_AGGRESSIVE;
				CLANG_WARN_UNREACHABLE_CODE = YES;
				CLANG_WARN__DUPLICATE_METHOD_MATCH = YES;
				COPY_PHASE_STRIP = NO;
				DEBUG_INFORMATION_FORMAT = "dwarf-with-dsym";
				ENABLE_NS_ASSERTIONS = NO;
				ENABLE_STRICT_OBJC_MSGSEND = YES;
				ENABLE_USER_SCRIPT_SANDBOXING = YES;
				GCC_C_LANGUAGE_STANDARD = gnu17;
				GCC_NO_COMMON_BLOCKS = YES;
				GCC_WARN_64_TO_32_BIT_CONVERSION = YES;
				GCC_WARN_ABOUT_RETURN_TYPE = YES_ERROR;
				GCC_WARN_UNDECLARED_SELECTOR = YES;
				GCC_WARN_UNINITIALIZED_AUTOS = YES_AGGRESSIVE;
				GCC_WARN_UNUSED_FUNCTION = YES;
				GCC_WARN_UNUSED_VARIABLE = YES;
				IPHONEOS_DEPLOYMENT_TARGET = 17.2;
				LOCALIZATION_PREFERS_STRING_CATALOGS = YES;
				MTL_ENABLE_DEBUG_INFO = NO;
				MTL_FAST_MATH = YES;
				SDKROOT = iphoneos;
				SWIFT_COMPILATION_MODE = wholemodule;
				VALIDATE_PRODUCT = YES;
			};
			name = Release;
		};
		F969B4C32B57BF51000E413B /* Debug */ = {
			isa = XCBuildConfiguration;
			buildSettings = {
				ASSETCATALOG_COMPILER_APPICON_NAME = AppIcon;
				ASSETCATALOG_COMPILER_GLOBAL_ACCENT_COLOR_NAME = AccentColor;
				CODE_SIGN_STYLE = Automatic;
				CURRENT_PROJECT_VERSION = 1;
				DEVELOPMENT_TEAM = B94476A9R8;
				GENERATE_INFOPLIST_FILE = YES;
				INFOPLIST_FILE = "It's a Zoo in There/Info.plist";
				INFOPLIST_KEY_UIApplicationSupportsIndirectInputEvents = YES;
				INFOPLIST_KEY_UILaunchStoryboardName = LaunchScreen;
				INFOPLIST_KEY_UIMainStoryboardFile = Main;
				INFOPLIST_KEY_UISupportedInterfaceOrientations = UIInterfaceOrientationPortrait;
				INFOPLIST_KEY_UISupportedInterfaceOrientations_iPad = "UIInterfaceOrientationLandscapeLeft UIInterfaceOrientationLandscapeRight UIInterfaceOrientationPortrait UIInterfaceOrientationPortraitUpsideDown";
				LD_RUNPATH_SEARCH_PATHS = (
					"$(inherited)",
					"@executable_path/Frameworks",
				);
				MARKETING_VERSION = 1.0;
				PRODUCT_BUNDLE_IDENTIFIER = "com.isha.It-s-a-Zoo-in-There";
				PRODUCT_NAME = "$(TARGET_NAME)";
				SUPPORTED_PLATFORMS = "iphoneos iphonesimulator";
				SUPPORTS_MACCATALYST = NO;
				SUPPORTS_MAC_DESIGNED_FOR_IPHONE_IPAD = NO;
				SWIFT_EMIT_LOC_STRINGS = YES;
				SWIFT_VERSION = 5.0;
				TARGETED_DEVICE_FAMILY = 1;
			};
			name = Debug;
		};
		F969B4C42B57BF51000E413B /* Release */ = {
			isa = XCBuildConfiguration;
			buildSettings = {
				ASSETCATALOG_COMPILER_APPICON_NAME = AppIcon;
				ASSETCATALOG_COMPILER_GLOBAL_ACCENT_COLOR_NAME = AccentColor;
				CODE_SIGN_STYLE = Automatic;
				CURRENT_PROJECT_VERSION = 1;
				DEVELOPMENT_TEAM = B94476A9R8;
				GENERATE_INFOPLIST_FILE = YES;
				INFOPLIST_FILE = "It's a Zoo in There/Info.plist";
				INFOPLIST_KEY_UIApplicationSupportsIndirectInputEvents = YES;
				INFOPLIST_KEY_UILaunchStoryboardName = LaunchScreen;
				INFOPLIST_KEY_UIMainStoryboardFile = Main;
				INFOPLIST_KEY_UISupportedInterfaceOrientations = UIInterfaceOrientationPortrait;
				INFOPLIST_KEY_UISupportedInterfaceOrientations_iPad = "UIInterfaceOrientationLandscapeLeft UIInterfaceOrientationLandscapeRight UIInterfaceOrientationPortrait UIInterfaceOrientationPortraitUpsideDown";
				LD_RUNPATH_SEARCH_PATHS = (
					"$(inherited)",
					"@executable_path/Frameworks",
				);
				MARKETING_VERSION = 1.0;
				PRODUCT_BUNDLE_IDENTIFIER = "com.isha.It-s-a-Zoo-in-There";
				PRODUCT_NAME = "$(TARGET_NAME)";
				SUPPORTED_PLATFORMS = "iphoneos iphonesimulator";
				SUPPORTS_MACCATALYST = NO;
				SUPPORTS_MAC_DESIGNED_FOR_IPHONE_IPAD = NO;
				SWIFT_EMIT_LOC_STRINGS = YES;
				SWIFT_VERSION = 5.0;
				TARGETED_DEVICE_FAMILY = 1;
			};
			name = Release;
		};
/* End XCBuildConfiguration section */

/* Begin XCConfigurationList section */
		F969B4A92B57BF4E000E413B /* Build configuration list for PBXProject "It's a Zoo in There" */ = {
			isa = XCConfigurationList;
			buildConfigurations = (
				F969B4C02B57BF51000E413B /* Debug */,
				F969B4C12B57BF51000E413B /* Release */,
			);
			defaultConfigurationIsVisible = 0;
			defaultConfigurationName = Release;
		};
		F969B4C22B57BF51000E413B /* Build configuration list for PBXNativeTarget "It's a Zoo in There" */ = {
			isa = XCConfigurationList;
			buildConfigurations = (
				F969B4C32B57BF51000E413B /* Debug */,
				F969B4C42B57BF51000E413B /* Release */,
			);
			defaultConfigurationIsVisible = 0;
			defaultConfigurationName = Release;
		};
/* End XCConfigurationList section */
	};
	rootObject = F969B4A62B57BF4E000E413B /* Project object */;
}
